{
  "name": "logic",
  "version": "1.0.0",
  "lockfileVersion": 2,
  "requires": true,
  "packages": {
    "": {
      "name": "logic",
      "version": "1.0.0",
      "license": "ISC",
      "dependencies": {
        "data": "file:../data"
      }
    },
    "../data": {
      "version": "1.0.0",
      "license": "ISC",
      "dependencies": {
        "mongoose": "^6.2.3"
      }
    },
    "node_modules/data": {
      "resolved": "../data",
      "link": true
    }
  },
  "dependencies": {
    "data": {
      "version": "file:../data",
      "requires": {
        "mongoose": "^6.2.3"
      }
    }
  }
}
